// !$*UTF8*$!
{
	archiveVersion = 1;
	classes = {
	};
	objectVersion = 56;
	objects = {

/* Begin PBXBuildFile section */
		4440003F29B60673009E61FC /* GoToolsFramework.docc in Sources */ = {isa = PBXBuildFile; fileRef = 4440003E29B60673009E61FC /* GoToolsFramework.docc */; };
		4440004529B60673009E61FC /* GoToolsFramework.framework in Frameworks */ = {isa = PBXBuildFile; fileRef = 4440003B29B60673009E61FC /* GoToolsFramework.framework */; };
		4440004C29B60674009E61FC /* GoToolsFrameworkTests.swift in Sources */ = {isa = PBXBuildFile; fileRef = 4440004B29B60674009E61FC /* GoToolsFrameworkTests.swift */; };
		4440004D29B60674009E61FC /* GoToolsFramework.h in Headers */ = {isa = PBXBuildFile; fileRef = 4440003D29B60673009E61FC /* GoToolsFramework.h */; settings = {ATTRIBUTES = (Public, ); }; };
		4440006029B60745009E61FC /* GoToolHome.swift in Sources */ = {isa = PBXBuildFile; fileRef = 444B4CB029B5E92800EB7E07 /* GoToolHome.swift */; };
/* End PBXBuildFile section */

/* Begin PBXContainerItemProxy section */
		4440004629B60673009E61FC /* PBXContainerItemProxy */ = {
			isa = PBXContainerItemProxy;
			containerPortal = 444B4CA329B5E92800EB7E07 /* Project object */;
			proxyType = 1;
			remoteGlobalIDString = 4440003A29B60673009E61FC;
			remoteInfo = module360Framework;
		};
/* End PBXContainerItemProxy section */

/* Begin PBXFileReference section */
		4440003B29B60673009E61FC /* GoToolsFramework.framework */ = {isa = PBXFileReference; explicitFileType = wrapper.framework; includeInIndex = 0; path = GoToolsFramework.framework; sourceTree = BUILT_PRODUCTS_DIR; };
		4440003D29B60673009E61FC /* GoToolsFramework.h */ = {isa = PBXFileReference; lastKnownFileType = sourcecode.c.h; path = GoToolsFramework.h; sourceTree = "<group>"; };
		4440003E29B60673009E61FC /* GoToolsFramework.docc */ = {isa = PBXFileReference; lastKnownFileType = folder.documentationcatalog; path = GoToolsFramework.docc; sourceTree = "<group>"; };
		4440004429B60673009E61FC /* GoToolsFrameworkTests.xctest */ = {isa = PBXFileReference; explicitFileType = wrapper.cfbundle; includeInIndex = 0; path = GoToolsFrameworkTests.xctest; sourceTree = BUILT_PRODUCTS_DIR; };
		4440004B29B60674009E61FC /* GoToolsFrameworkTests.swift */ = {isa = PBXFileReference; lastKnownFileType = sourcecode.swift; path = GoToolsFrameworkTests.swift; sourceTree = "<group>"; };
		444B4CB029B5E92800EB7E07 /* GoToolHome.swift */ = {isa = PBXFileReference; lastKnownFileType = sourcecode.swift; path = GoToolHome.swift; sourceTree = "<group>"; };
		444B4CB229B5E92900EB7E07 /* Assets.xcassets */ = {isa = PBXFileReference; lastKnownFileType = folder.assetcatalog; path = Assets.xcassets; sourceTree = "<group>"; };
		444B4CB529B5E92900EB7E07 /* Preview Assets.xcassets */ = {isa = PBXFileReference; lastKnownFileType = folder.assetcatalog; path = "Preview Assets.xcassets"; sourceTree = "<group>"; };
		444B4CBF29B5E92A00EB7E07 /* GoToolsTests.swift */ = {isa = PBXFileReference; lastKnownFileType = sourcecode.swift; path = GoToolsTests.swift; sourceTree = "<group>"; };
		444B4CC929B5E92A00EB7E07 /* GoToolsUITests.swift */ = {isa = PBXFileReference; lastKnownFileType = sourcecode.swift; path = GoToolsUITests.swift; sourceTree = "<group>"; };
		444B4CCB29B5E92A00EB7E07 /* GoToolsUITestsLaunchTests.swift */ = {isa = PBXFileReference; lastKnownFileType = sourcecode.swift; path = GoToolsUITestsLaunchTests.swift; sourceTree = "<group>"; };
/* End PBXFileReference section */

/* Begin PBXFrameworksBuildPhase section */
		4440003829B60673009E61FC /* Frameworks */ = {
			isa = PBXFrameworksBuildPhase;
			buildActionMask = 2147483647;
			files = (
			);
			runOnlyForDeploymentPostprocessing = 0;
		};
		4440004129B60673009E61FC /* Frameworks */ = {
			isa = PBXFrameworksBuildPhase;
			buildActionMask = 2147483647;
			files = (
				4440004529B60673009E61FC /* GoToolsFramework.framework in Frameworks */,
			);
			runOnlyForDeploymentPostprocessing = 0;
		};
/* End PBXFrameworksBuildPhase section */

/* Begin PBXGroup section */
		4440003C29B60673009E61FC /* GoToolsFramework */ = {
			isa = PBXGroup;
			children = (
				4440003D29B60673009E61FC /* GoToolsFramework.h */,
				4440003E29B60673009E61FC /* GoToolsFramework.docc */,
			);
			path = GoToolsFramework;
			sourceTree = "<group>";
		};
		4440004A29B60674009E61FC /* GoToolsFrameworkTests */ = {
			isa = PBXGroup;
			children = (
				4440004B29B60674009E61FC /* GoToolsFrameworkTests.swift */,
			);
			path = GoToolsFrameworkTests;
			sourceTree = "<group>";
		};
		444B4CA229B5E92800EB7E07 = {
			isa = PBXGroup;
			children = (
				444B4CAD29B5E92800EB7E07 /* GoTool */,
				444B4CBE29B5E92A00EB7E07 /* GoToolsTests */,
				444B4CC829B5E92A00EB7E07 /* GoToolsUITests */,
				4440003C29B60673009E61FC /* GoToolsFramework */,
				4440004A29B60674009E61FC /* GoToolsFrameworkTests */,
				444B4CAC29B5E92800EB7E07 /* Products */,
			);
			sourceTree = "<group>";
		};
		444B4CAC29B5E92800EB7E07 /* Products */ = {
			isa = PBXGroup;
			children = (
				4440003B29B60673009E61FC /* GoToolsFramework.framework */,
				4440004429B60673009E61FC /* GoToolsFrameworkTests.xctest */,
			);
			name = Products;
			sourceTree = "<group>";
		};
		444B4CAD29B5E92800EB7E07 /* GoTool */ = {
			isa = PBXGroup;
			children = (
				444B4CB029B5E92800EB7E07 /* GoToolHome.swift */,
				444B4CB229B5E92900EB7E07 /* Assets.xcassets */,
				444B4CB429B5E92900EB7E07 /* Preview Content */,
			);
			path = GoTool;
			sourceTree = "<group>";
		};
		444B4CB429B5E92900EB7E07 /* Preview Content */ = {
			isa = PBXGroup;
			children = (
				444B4CB529B5E92900EB7E07 /* Preview Assets.xcassets */,
			);
			path = "Preview Content";
			sourceTree = "<group>";
		};
		444B4CBE29B5E92A00EB7E07 /* GoToolsTests */ = {
			isa = PBXGroup;
			children = (
				444B4CBF29B5E92A00EB7E07 /* GoToolsTests.swift */,
			);
			path = GoToolsTests;
			sourceTree = "<group>";
		};
		444B4CC829B5E92A00EB7E07 /* GoToolsUITests */ = {
			isa = PBXGroup;
			children = (
				444B4CC929B5E92A00EB7E07 /* GoToolsUITests.swift */,
				444B4CCB29B5E92A00EB7E07 /* GoToolsUITestsLaunchTests.swift */,
			);
			path = GoToolsUITests;
			sourceTree = "<group>";
		};
/* End PBXGroup section */

/* Begin PBXHeadersBuildPhase section */
		4440003629B60673009E61FC /* Headers */ = {
			isa = PBXHeadersBuildPhase;
			buildActionMask = 2147483647;
			files = (
				4440004D29B60674009E61FC /* GoToolsFramework.h in Headers */,
			);
			runOnlyForDeploymentPostprocessing = 0;
		};
/* End PBXHeadersBuildPhase section */

/* Begin PBXNativeTarget section */
		4440003A29B60673009E61FC /* GoToolsFramework */ = {
			isa = PBXNativeTarget;
			buildConfigurationList = 4440005729B60674009E61FC /* Build configuration list for PBXNativeTarget "GoToolsFramework" */;
			buildPhases = (
				4440003629B60673009E61FC /* Headers */,
				4440003729B60673009E61FC /* Sources */,
				4440003829B60673009E61FC /* Frameworks */,
				4440003929B60673009E61FC /* Resources */,
			);
			buildRules = (
			);
			dependencies = (
			);
			name = GoToolsFramework;
			productName = module360Framework;
			productReference = 4440003B29B60673009E61FC /* GoToolsFramework.framework */;
			productType = "com.apple.product-type.framework";
		};
		4440004329B60673009E61FC /* GoToolsFrameworkTests */ = {
			isa = PBXNativeTarget;
			buildConfigurationList = 4440005829B60674009E61FC /* Build configuration list for PBXNativeTarget "GoToolsFrameworkTests" */;
			buildPhases = (
				4440004029B60673009E61FC /* Sources */,
				4440004129B60673009E61FC /* Frameworks */,
				4440004229B60673009E61FC /* Resources */,
			);
			buildRules = (
			);
			dependencies = (
				4440004729B60673009E61FC /* PBXTargetDependency */,
			);
			name = GoToolsFrameworkTests;
			productName = module360FrameworkTests;
			productReference = 4440004429B60673009E61FC /* GoToolsFrameworkTests.xctest */;
			productType = "com.apple.product-type.bundle.unit-test";
		};
/* End PBXNativeTarget section */

/* Begin PBXProject section */
		444B4CA329B5E92800EB7E07 /* Project object */ = {
			isa = PBXProject;
			attributes = {
				BuildIndependentTargetsInParallel = 1;
				LastSwiftUpdateCheck = 1420;
				LastUpgradeCheck = 1420;
				TargetAttributes = {
					4440003A29B60673009E61FC = {
						CreatedOnToolsVersion = 14.2;
					};
					4440004329B60673009E61FC = {
						CreatedOnToolsVersion = 14.2;
						TestTargetID = 444B4CAA29B5E92800EB7E07;
					};
				};
			};
			buildConfigurationList = 444B4CA629B5E92800EB7E07 /* Build configuration list for PBXProject "GoTools" */;
			compatibilityVersion = "Xcode 14.0";
			developmentRegion = en;
			hasScannedForEncodings = 0;
			knownRegions = (
				en,
				Base,
			);
			mainGroup = 444B4CA229B5E92800EB7E07;
			productRefGroup = 444B4CAC29B5E92800EB7E07 /* Products */;
			projectDirPath = "";
			projectRoot = "";
			targets = (
				4440003A29B60673009E61FC /* GoToolsFramework */,
				4440004329B60673009E61FC /* GoToolsFrameworkTests */,
			);
		};
/* End PBXProject section */

/* Begin PBXResourcesBuildPhase section */
		4440003929B60673009E61FC /* Resources */ = {
			isa = PBXResourcesBuildPhase;
			buildActionMask = 2147483647;
			files = (
			);
			runOnlyForDeploymentPostprocessing = 0;
		};
		4440004229B60673009E61FC /* Resources */ = {
			isa = PBXResourcesBuildPhase;
			buildActionMask = 2147483647;
			files = (
			);
			runOnlyForDeploymentPostprocessing = 0;
		};
/* End PBXResourcesBuildPhase section */

/* Begin PBXSourcesBuildPhase section */
		4440003729B60673009E61FC /* Sources */ = {
			isa = PBXSourcesBuildPhase;
			buildActionMask = 2147483647;
			files = (
				4440006029B60745009E61FC /* GoToolHome.swift in Sources */,
				4440003F29B60673009E61FC /* GoToolsFramework.docc in Sources */,
			);
			runOnlyForDeploymentPostprocessing = 0;
		};
		4440004029B60673009E61FC /* Sources */ = {
			isa = PBXSourcesBuildPhase;
			buildActionMask = 2147483647;
			files = (
				4440004C29B60674009E61FC /* GoToolsFrameworkTests.swift in Sources */,
			);
			runOnlyForDeploymentPostprocessing = 0;
		};
/* End PBXSourcesBuildPhase section */

/* Begin PBXTargetDependency section */
		4440004729B60673009E61FC /* PBXTargetDependency */ = {
			isa = PBXTargetDependency;
			target = 4440003A29B60673009E61FC /* GoToolsFramework */;
			targetProxy = 4440004629B60673009E61FC /* PBXContainerItemProxy */;
		};
/* End PBXTargetDependency section */

/* Begin XCBuildConfiguration section */
		4440005329B60674009E61FC /* Debug */ = {
			isa = XCBuildConfiguration;
			buildSettings = {
				CODE_SIGN_STYLE = Automatic;
				CURRENT_PROJECT_VERSION = 1;
				DEFINES_MODULE = YES;
				DEVELOPMENT_TEAM = 4APTVR79D6;
				DYLIB_COMPATIBILITY_VERSION = 1;
				DYLIB_CURRENT_VERSION = 1;
				DYLIB_INSTALL_NAME_BASE = "@rpath";
				GENERATE_INFOPLIST_FILE = YES;
				INFOPLIST_KEY_NSHumanReadableCopyright = "";
				INSTALL_PATH = "$(LOCAL_LIBRARY_DIR)/Frameworks";
				IPHONEOS_DEPLOYMENT_TARGET = 14.0;
				LD_RUNPATH_SEARCH_PATHS = (
					"$(inherited)",
					"@executable_path/Frameworks",
					"@loader_path/Frameworks",
				);
				MARKETING_VERSION = 1.0;
				PRODUCT_BUNDLE_IDENTIFIER = com.practice.module360Framework;
				PRODUCT_NAME = "$(TARGET_NAME:c99extidentifier)";
				SKIP_INSTALL = YES;
				SWIFT_EMIT_LOC_STRINGS = YES;
				SWIFT_VERSION = 5.0;
				TARGETED_DEVICE_FAMILY = "1,2";
				VERSIONING_SYSTEM = "apple-generic";
				VERSION_INFO_PREFIX = "";
			};
			name = Debug;
		};
		4440005429B60674009E61FC /* Release */ = {
			isa = XCBuildConfiguration;
			buildSettings = {
				CODE_SIGN_STYLE = Automatic;
				CURRENT_PROJECT_VERSION = 1;
				DEFINES_MODULE = YES;
				DEVELOPMENT_TEAM = 4APTVR79D6;
				DYLIB_COMPATIBILITY_VERSION = 1;
				DYLIB_CURRENT_VERSION = 1;
				DYLIB_INSTALL_NAME_BASE = "@rpath";
				GENERATE_INFOPLIST_FILE = YES;
				INFOPLIST_KEY_NSHumanReadableCopyright = "";
				INSTALL_PATH = "$(LOCAL_LIBRARY_DIR)/Frameworks";
				IPHONEOS_DEPLOYMENT_TARGET = 14.0;
				LD_RUNPATH_SEARCH_PATHS = (
					"$(inherited)",
					"@executable_path/Frameworks",
					"@loader_path/Frameworks",
				);
				MARKETING_VERSION = 1.0;
				PRODUCT_BUNDLE_IDENTIFIER = com.practice.module360Framework;
				PRODUCT_NAME = "$(TARGET_NAME:c99extidentifier)";
				SKIP_INSTALL = YES;
				SWIFT_EMIT_LOC_STRINGS = YES;
				SWIFT_VERSION = 5.0;
				TARGETED_DEVICE_FAMILY = "1,2";
				VERSIONING_SYSTEM = "apple-generic";
				VERSION_INFO_PREFIX = "";
			};
			name = Release;
		};
		4440005529B60674009E61FC /* Debug */ = {
			isa = XCBuildConfiguration;
			buildSettings = {
				ALWAYS_EMBED_SWIFT_STANDARD_LIBRARIES = YES;
				CODE_SIGN_STYLE = Automatic;
				CURRENT_PROJECT_VERSION = 1;
				DEVELOPMENT_TEAM = 4APTVR79D6;
				GENERATE_INFOPLIST_FILE = YES;
				IPHONEOS_DEPLOYMENT_TARGET = 16.2;
				MARKETING_VERSION = 1.0;
				PRODUCT_BUNDLE_IDENTIFIER = com.practice.module360FrameworkTests;
				PRODUCT_NAME = "$(TARGET_NAME)";
				SWIFT_EMIT_LOC_STRINGS = NO;
				SWIFT_VERSION = 5.0;
				TARGETED_DEVICE_FAMILY = "1,2";
				TEST_HOST = "$(BUILT_PRODUCTS_DIR)/GoTools.app/$(BUNDLE_EXECUTABLE_FOLDER_PATH)/GoTools";
			};
			name = Debug;
		};
		4440005629B60674009E61FC /* Release */ = {
			isa = XCBuildConfiguration;
			buildSettings = {
				ALWAYS_EMBED_SWIFT_STANDARD_LIBRARIES = YES;
				CODE_SIGN_STYLE = Automatic;
				CURRENT_PROJECT_VERSION = 1;
				DEVELOPMENT_TEAM = 4APTVR79D6;
				GENERATE_INFOPLIST_FILE = YES;
				IPHONEOS_DEPLOYMENT_TARGET = 16.2;
				MARKETING_VERSION = 1.0;
				PRODUCT_BUNDLE_IDENTIFIER = com.practice.module360FrameworkTests;
				PRODUCT_NAME = "$(TARGET_NAME)";
				SWIFT_EMIT_LOC_STRINGS = NO;
				SWIFT_VERSION = 5.0;
				TARGETED_DEVICE_FAMILY = "1,2";
				TEST_HOST = "$(BUILT_PRODUCTS_DIR)/GoTools.app/$(BUNDLE_EXECUTABLE_FOLDER_PATH)/GoTools";
			};
			name = Release;
		};
		444B4CCD29B5E92A00EB7E07 /* Debug */ = {
			isa = XCBuildConfiguration;
			buildSettings = {
				ALWAYS_SEARCH_USER_PATHS = NO;
				CLANG_ANALYZER_NONNULL = YES;
				CLANG_ANALYZER_NUMBER_OBJECT_CONVERSION = YES_AGGRESSIVE;
				CLANG_CXX_LANGUAGE_STANDARD = "gnu++20";
				CLANG_ENABLE_MODULES = YES;
				CLANG_ENABLE_OBJC_ARC = YES;
				CLANG_ENABLE_OBJC_WEAK = YES;
				CLANG_WARN_BLOCK_CAPTURE_AUTORELEASING = YES;
				CLANG_WARN_BOOL_CONVERSION = YES;
				CLANG_WARN_COMMA = YES;
				CLANG_WARN_CONSTANT_CONVERSION = YES;
				CLANG_WARN_DEPRECATED_OBJC_IMPLEMENTATIONS = YES;
				CLANG_WARN_DIRECT_OBJC_ISA_USAGE = YES_ERROR;
				CLANG_WARN_DOCUMENTATION_COMMENTS = YES;
				CLANG_WARN_EMPTY_BODY = YES;
				CLANG_WARN_ENUM_CONVERSION = YES;
				CLANG_WARN_INFINITE_RECURSION = YES;
				CLANG_WARN_INT_CONVERSION = YES;
				CLANG_WARN_NON_LITERAL_NULL_CONVERSION = YES;
				CLANG_WARN_OBJC_IMPLICIT_RETAIN_SELF = YES;
				CLANG_WARN_OBJC_LITERAL_CONVERSION = YES;
				CLANG_WARN_OBJC_ROOT_CLASS = YES_ERROR;
				CLANG_WARN_QUOTED_INCLUDE_IN_FRAMEWORK_HEADER = YES;
				CLANG_WARN_RANGE_LOOP_ANALYSIS = YES;
				CLANG_WARN_STRICT_PROTOTYPES = YES;
				CLANG_WARN_SUSPICIOUS_MOVE = YES;
				CLANG_WARN_UNGUARDED_AVAILABILITY = YES_AGGRESSIVE;
				CLANG_WARN_UNREACHABLE_CODE = YES;
				CLANG_WARN__DUPLICATE_METHOD_MATCH = YES;
				COPY_PHASE_STRIP = NO;
				DEBUG_INFORMATION_FORMAT = dwarf;
				ENABLE_STRICT_OBJC_MSGSEND = YES;
				ENABLE_TESTABILITY = YES;
				GCC_C_LANGUAGE_STANDARD = gnu11;
				GCC_DYNAMIC_NO_PIC = NO;
				GCC_NO_COMMON_BLOCKS = YES;
				GCC_OPTIMIZATION_LEVEL = 0;
				GCC_PREPROCESSOR_DEFINITIONS = (
					"DEBUG=1",
					"$(inherited)",
				);
				GCC_WARN_64_TO_32_BIT_CONVERSION = YES;
				GCC_WARN_ABOUT_RETURN_TYPE = YES_ERROR;
				GCC_WARN_UNDECLARED_SELECTOR = YES;
				GCC_WARN_UNINITIALIZED_AUTOS = YES_AGGRESSIVE;
				GCC_WARN_UNUSED_FUNCTION = YES;
				GCC_WARN_UNUSED_VARIABLE = YES;
				IPHONEOS_DEPLOYMENT_TARGET = 14.0;
				MTL_ENABLE_DEBUG_INFO = INCLUDE_SOURCE;
				MTL_FAST_MATH = YES;
				ONLY_ACTIVE_ARCH = YES;
				SDKROOT = iphoneos;
				SWIFT_ACTIVE_COMPILATION_CONDITIONS = DEBUG;
				SWIFT_OPTIMIZATION_LEVEL = "-Onone";
			};
			name = Debug;
		};
		444B4CCE29B5E92A00EB7E07 /* Release */ = {
			isa = XCBuildConfiguration;
			buildSettings = {
				ALWAYS_SEARCH_USER_PATHS = NO;
				CLANG_ANALYZER_NONNULL = YES;
				CLANG_ANALYZER_NUMBER_OBJECT_CONVERSION = YES_AGGRESSIVE;
				CLANG_CXX_LANGUAGE_STANDARD = "gnu++20";
				CLANG_ENABLE_MODULES = YES;
				CLANG_ENABLE_OBJC_ARC = YES;
				CLANG_ENABLE_OBJC_WEAK = YES;
				CLANG_WARN_BLOCK_CAPTURE_AUTORELEASING = YES;
				CLANG_WARN_BOOL_CONVERSION = YES;
				CLANG_WARN_COMMA = YES;
				CLANG_WARN_CONSTANT_CONVERSION = YES;
				CLANG_WARN_DEPRECATED_OBJC_IMPLEMENTATIONS = YES;
				CLANG_WARN_DIRECT_OBJC_ISA_USAGE = YES_ERROR;
				CLANG_WARN_DOCUMENTATION_COMMENTS = YES;
				CLANG_WARN_EMPTY_BODY = YES;
				CLANG_WARN_ENUM_CONVERSION = YES;
				CLANG_WARN_INFINITE_RECURSION = YES;
				CLANG_WARN_INT_CONVERSION = YES;
				CLANG_WARN_NON_LITERAL_NULL_CONVERSION = YES;
				CLANG_WARN_OBJC_IMPLICIT_RETAIN_SELF = YES;
				CLANG_WARN_OBJC_LITERAL_CONVERSION = YES;
				CLANG_WARN_OBJC_ROOT_CLASS = YES_ERROR;
				CLANG_WARN_QUOTED_INCLUDE_IN_FRAMEWORK_HEADER = YES;
				CLANG_WARN_RANGE_LOOP_ANALYSIS = YES;
				CLANG_WARN_STRICT_PROTOTYPES = YES;
				CLANG_WARN_SUSPICIOUS_MOVE = YES;
				CLANG_WARN_UNGUARDED_AVAILABILITY = YES_AGGRESSIVE;
				CLANG_WARN_UNREACHABLE_CODE = YES;
				CLANG_WARN__DUPLICATE_METHOD_MATCH = YES;
				COPY_PHASE_STRIP = NO;
				DEBUG_INFORMATION_FORMAT = "dwarf-with-dsym";
				ENABLE_NS_ASSERTIONS = NO;
				ENABLE_STRICT_OBJC_MSGSEND = YES;
				GCC_C_LANGUAGE_STANDARD = gnu11;
				GCC_NO_COMMON_BLOCKS = YES;
				GCC_WARN_64_TO_32_BIT_CONVERSION = YES;
				GCC_WARN_ABOUT_RETURN_TYPE = YES_ERROR;
				GCC_WARN_UNDECLARED_SELECTOR = YES;
				GCC_WARN_UNINITIALIZED_AUTOS = YES_AGGRESSIVE;
				GCC_WARN_UNUSED_FUNCTION = YES;
				GCC_WARN_UNUSED_VARIABLE = YES;
				IPHONEOS_DEPLOYMENT_TARGET = 14.0;
				MTL_ENABLE_DEBUG_INFO = NO;
				MTL_FAST_MATH = YES;
				SDKROOT = iphoneos;
				SWIFT_COMPILATION_MODE = wholemodule;
				SWIFT_OPTIMIZATION_LEVEL = "-O";
				VALIDATE_PRODUCT = YES;
			};
			name = Release;
		};
/* End XCBuildConfiguration section */

/* Begin XCConfigurationList section */
		4440005729B60674009E61FC /* Build configuration list for PBXNativeTarget "GoToolsFramework" */ = {
			isa = XCConfigurationList;
			buildConfigurations = (
				4440005329B60674009E61FC /* Debug */,
				4440005429B60674009E61FC /* Release */,
			);
			defaultConfigurationIsVisible = 0;
			defaultConfigurationName = Release;
		};
		4440005829B60674009E61FC /* Build configuration list for PBXNativeTarget "GoToolsFrameworkTests" */ = {
			isa = XCConfigurationList;
			buildConfigurations = (
				4440005529B60674009E61FC /* Debug */,
				4440005629B60674009E61FC /* Release */,
			);
			defaultConfigurationIsVisible = 0;
			defaultConfigurationName = Release;
		};
		444B4CA629B5E92800EB7E07 /* Build configuration list for PBXProject "GoTools" */ = {
			isa = XCConfigurationList;
			buildConfigurations = (
				444B4CCD29B5E92A00EB7E07 /* Debug */,
				444B4CCE29B5E92A00EB7E07 /* Release */,
			);
			defaultConfigurationIsVisible = 0;
			defaultConfigurationName = Release;
		};
/* End XCConfigurationList section */
	};
	rootObject = 444B4CA329B5E92800EB7E07 /* Project object */;
}
